
Microsoft Visual Studio Solution File, Format Version 12.00
# Visual Studio Version 17
VisualStudioVersion = 17.3.32929.385
MinimumVisualStudioVersion = 10.0.40219.1
Project("{FAE04EC0-301F-11D3-BF4B-00C04F79EFBC}") = "TakeHomeW6_RickyJonathan_0706022210005", "TakeHomeW6_RickyJonathan_0706022210005\TakeHomeW6_RickyJonathan_0706022210005.csproj", "{09B16A33-45F4-46A3-974F-8C2200B4212C}"
EndProject
Global
	GlobalSection(SolutionConfigurationPlatforms) = preSolution
		Debug|Any CPU = Debug|Any CPU
		Release|Any CPU = Release|Any CPU
	EndGlobalSection
	GlobalSection(ProjectConfigurationPlatforms) = postSolution
		{09B16A33-45F4-46A3-974F-8C2200B4212C}.Debug|Any CPU.ActiveCfg = Debug|Any CPU
		{09B16A33-45F4-46A3-974F-8C2200B4212C}.Debug|Any CPU.Build.0 = Debug|Any CPU
		{09B16A33-45F4-46A3-974F-8C2200B4212C}.Release|Any CPU.ActiveCfg = Release|Any CPU
		{09B16A33-45F4-46A3-974F-8C2200B4212C}.Release|Any CPU.Build.0 = Release|Any CPU
	EndGlobalSection
	GlobalSection(SolutionProperties) = preSolution
		HideSolutionNode = FALSE
	EndGlobalSection
	GlobalSection(ExtensibilityGlobals) = postSolution
		SolutionGuid = {62B394AC-CDB7-440B-AD3A-6C9397E153E8}
	EndGlobalSection
EndGlobal
